
Microsoft Visual Studio Solution File, Format Version 12.00
# Visual Studio 15
VisualStudioVersion = 15.0.28307.1145
MinimumVisualStudioVersion = 10.0.40219.1
Project("{FAE04EC0-301F-11D3-BF4B-00C04F79EFBC}") = "MoviesManagement", "MoviesManagement\MoviesManagement.csproj", "{DC0CBCA4-CC07-46AC-A999-6A7B90B0168E}"
EndProject
Global
	GlobalSection(SolutionConfigurationPlatforms) = preSolution
		Debug|Any CPU = Debug|Any CPU
		Release|Any CPU = Release|Any CPU
	EndGlobalSection
	GlobalSection(ProjectConfigurationPlatforms) = postSolution
		{DC0CBCA4-CC07-46AC-A999-6A7B90B0168E}.Debug|Any CPU.ActiveCfg = Debug|Any CPU
		{DC0CBCA4-CC07-46AC-A999-6A7B90B0168E}.Debug|Any CPU.Build.0 = Debug|Any CPU
		{DC0CBCA4-CC07-46AC-A999-6A7B90B0168E}.Release|Any CPU.ActiveCfg = Release|Any CPU
		{DC0CBCA4-CC07-46AC-A999-6A7B90B0168E}.Release|Any CPU.Build.0 = Release|Any CPU
	EndGlobalSection
	GlobalSection(SolutionProperties) = preSolution
		HideSolutionNode = FALSE
	EndGlobalSection
	GlobalSection(ExtensibilityGlobals) = postSolution
		SolutionGuid = {66470219-66B4-40D7-98B7-09CD962A69F9}
	EndGlobalSection
EndGlobal
